
Microsoft Visual Studio Solution File, Format Version 12.00
# Visual Studio 15
VisualStudioVersion = 15.0.27004.2006
MinimumVisualStudioVersion = 10.0.40219.1
Project("{FAE04EC0-301F-11D3-BF4B-00C04F79EFBC}") = "PedidosAlfa.Android", "PedidosAlfa\PedidosAlfa.Android\PedidosAlfa.Android.csproj", "{7936EF3F-E1ED-4ABD-8084-A2F53FBCC547}"
EndProject
Project("{FAE04EC0-301F-11D3-BF4B-00C04F79EFBC}") = "PedidosAlfa", "PedidosAlfa\PedidosAlfa\PedidosAlfa.csproj", "{75B9C8D6-0995-4DD0-9FF3-3D1A5A9A8EF7}"
EndProject
Project("{FAE04EC0-301F-11D3-BF4B-00C04F79EFBC}") = "PedidosAlfa.iOS", "PedidosAlfa\PedidosAlfa.iOS\PedidosAlfa.iOS.csproj", "{850F33D4-91FB-4FEB-B3A8-166A38D675BD}"
EndProject
Global
	GlobalSection(SolutionConfigurationPlatforms) = preSolution
		Ad-Hoc|Any CPU = Ad-Hoc|Any CPU
		Ad-Hoc|iPhone = Ad-Hoc|iPhone
		Ad-Hoc|iPhoneSimulator = Ad-Hoc|iPhoneSimulator
		AppStore|Any CPU = AppStore|Any CPU
		AppStore|iPhone = AppStore|iPhone
		AppStore|iPhoneSimulator = AppStore|iPhoneSimulator
		Debug|Any CPU = Debug|Any CPU
		Debug|iPhone = Debug|iPhone
		Debug|iPhoneSimulator = Debug|iPhoneSimulator
		Release|Any CPU = Release|Any CPU
		Release|iPhone = Release|iPhone
		Release|iPhoneSimulator = Release|iPhoneSimulator
	EndGlobalSection
	GlobalSection(ProjectConfigurationPlatforms) = postSolution
		{7936EF3F-E1ED-4ABD-8084-A2F53FBCC547}.Ad-Hoc|Any CPU.ActiveCfg = Release|Any CPU
		{7936EF3F-E1ED-4ABD-8084-A2F53FBCC547}.Ad-Hoc|Any CPU.Build.0 = Release|Any CPU
		{7936EF3F-E1ED-4ABD-8084-A2F53FBCC547}.Ad-Hoc|Any CPU.Deploy.0 = Release|Any CPU
		{7936EF3F-E1ED-4ABD-8084-A2F53FBCC547}.Ad-Hoc|iPhone.ActiveCfg = Release|Any CPU
		{7936EF3F-E1ED-4ABD-8084-A2F53FBCC547}.Ad-Hoc|iPhone.Build.0 = Release|Any CPU
		{7936EF3F-E1ED-4ABD-8084-A2F53FBCC547}.Ad-Hoc|iPhone.Deploy.0 = Release|Any CPU
		{7936EF3F-E1ED-4ABD-8084-A2F53FBCC547}.Ad-Hoc|iPhoneSimulator.ActiveCfg = Release|Any CPU
		{7936EF3F-E1ED-4ABD-8084-A2F53FBCC547}.Ad-Hoc|iPhoneSimulator.Build.0 = Release|Any CPU
		{7936EF3F-E1ED-4ABD-8084-A2F53FBCC547}.Ad-Hoc|iPhoneSimulator.Deploy.0 = Release|Any CPU
		{7936EF3F-E1ED-4ABD-8084-A2F53FBCC547}.AppStore|Any CPU.ActiveCfg = Release|Any CPU
		{7936EF3F-E1ED-4ABD-8084-A2F53FBCC547}.AppStore|Any CPU.Build.0 = Release|Any CPU
		{7936EF3F-E1ED-4ABD-8084-A2F53FBCC547}.AppStore|Any CPU.Deploy.0 = Release|Any CPU
		{7936EF3F-E1ED-4ABD-8084-A2F53FBCC547}.AppStore|iPhone.ActiveCfg = Release|Any CPU
		{7936EF3F-E1ED-4ABD-8084-A2F53FBCC547}.AppStore|iPhone.Build.0 = Release|Any CPU
		{7936EF3F-E1ED-4ABD-8084-A2F53FBCC547}.AppStore|iPhone.Deploy.0 = Release|Any CPU
		{7936EF3F-E1ED-4ABD-8084-A2F53FBCC547}.AppStore|iPhoneSimulator.ActiveCfg = Release|Any CPU
		{7936EF3F-E1ED-4ABD-8084-A2F53FBCC547}.AppStore|iPhoneSimulator.Build.0 = Release|Any CPU
		{7936EF3F-E1ED-4ABD-8084-A2F53FBCC547}.AppStore|iPhoneSimulator.Deploy.0 = Release|Any CPU
		{7936EF3F-E1ED-4ABD-8084-A2F53FBCC547}.Debug|Any CPU.ActiveCfg = Debug|Any CPU
		{7936EF3F-E1ED-4ABD-8084-A2F53FBCC547}.Debug|Any CPU.Build.0 = Debug|Any CPU
		{7936EF3F-E1ED-4ABD-8084-A2F53FBCC547}.Debug|Any CPU.Deploy.0 = Debug|Any CPU
		{7936EF3F-E1ED-4ABD-8084-A2F53FBCC547}.Debug|iPhone.ActiveCfg = Debug|Any CPU
		{7936EF3F-E1ED-4ABD-8084-A2F53FBCC547}.Debug|iPhone.Build.0 = Debug|Any CPU
		{7936EF3F-E1ED-4ABD-8084-A2F53FBCC547}.Debug|iPhone.Deploy.0 = Debug|Any CPU
		{7936EF3F-E1ED-4ABD-8084-A2F53FBCC547}.Debug|iPhoneSimulator.ActiveCfg = Debug|Any CPU
		{7936EF3F-E1ED-4ABD-8084-A2F53FBCC547}.Debug|iPhoneSimulator.Build.0 = Debug|Any CPU
		{7936EF3F-E1ED-4ABD-8084-A2F53FBCC547}.Debug|iPhoneSimulator.Deploy.0 = Debug|Any CPU
		{7936EF3F-E1ED-4ABD-8084-A2F53FBCC547}.Release|Any CPU.ActiveCfg = Release|Any CPU
		{7936EF3F-E1ED-4ABD-8084-A2F53FBCC547}.Release|Any CPU.Build.0 = Release|Any CPU
		{7936EF3F-E1ED-4ABD-8084-A2F53FBCC547}.Release|Any CPU.Deploy.0 = Release|Any CPU
		{7936EF3F-E1ED-4ABD-8084-A2F53FBCC547}.Release|iPhone.ActiveCfg = Release|Any CPU
		{7936EF3F-E1ED-4ABD-8084-A2F53FBCC547}.Release|iPhone.Build.0 = Release|Any CPU
		{7936EF3F-E1ED-4ABD-8084-A2F53FBCC547}.Release|iPhone.Deploy.0 = Release|Any CPU
		{7936EF3F-E1ED-4ABD-8084-A2F53FBCC547}.Release|iPhoneSimulator.ActiveCfg = Release|Any CPU
		{7936EF3F-E1ED-4ABD-8084-A2F53FBCC547}.Release|iPhoneSimulator.Build.0 = Release|Any CPU
		{7936EF3F-E1ED-4ABD-8084-A2F53FBCC547}.Release|iPhoneSimulator.Deploy.0 = Release|Any CPU
		{75B9C8D6-0995-4DD0-9FF3-3D1A5A9A8EF7}.Ad-Hoc|Any CPU.ActiveCfg = Release|Any CPU
		{75B9C8D6-0995-4DD0-9FF3-3D1A5A9A8EF7}.Ad-Hoc|Any CPU.Build.0 = Release|Any CPU
		{75B9C8D6-0995-4DD0-9FF3-3D1A5A9A8EF7}.Ad-Hoc|iPhone.ActiveCfg = Release|Any CPU
		{75B9C8D6-0995-4DD0-9FF3-3D1A5A9A8EF7}.Ad-Hoc|iPhone.Build.0 = Release|Any CPU
		{75B9C8D6-0995-4DD0-9FF3-3D1A5A9A8EF7}.Ad-Hoc|iPhoneSimulator.ActiveCfg = Release|Any CPU
		{75B9C8D6-0995-4DD0-9FF3-3D1A5A9A8EF7}.Ad-Hoc|iPhoneSimulator.Build.0 = Release|Any CPU
		{75B9C8D6-0995-4DD0-9FF3-3D1A5A9A8EF7}.AppStore|Any CPU.ActiveCfg = Release|Any CPU
		{75B9C8D6-0995-4DD0-9FF3-3D1A5A9A8EF7}.AppStore|Any CPU.Build.0 = Release|Any CPU
		{75B9C8D6-0995-4DD0-9FF3-3D1A5A9A8EF7}.AppStore|iPhone.ActiveCfg = Release|Any CPU
		{75B9C8D6-0995-4DD0-9FF3-3D1A5A9A8EF7}.AppStore|iPhone.Build.0 = Release|Any CPU
		{75B9C8D6-0995-4DD0-9FF3-3D1A5A9A8EF7}.AppStore|iPhoneSimulator.ActiveCfg = Release|Any CPU
		{75B9C8D6-0995-4DD0-9FF3-3D1A5A9A8EF7}.AppStore|iPhoneSimulator.Build.0 = Release|Any CPU
		{75B9C8D6-0995-4DD0-9FF3-3D1A5A9A8EF7}.Debug|Any CPU.ActiveCfg = Debug|Any CPU
		{75B9C8D6-0995-4DD0-9FF3-3D1A5A9A8EF7}.Debug|Any CPU.Build.0 = Debug|Any CPU
		{75B9C8D6-0995-4DD0-9FF3-3D1A5A9A8EF7}.Debug|iPhone.ActiveCfg = Debug|Any CPU
		{75B9C8D6-0995-4DD0-9FF3-3D1A5A9A8EF7}.Debug|iPhone.Build.0 = Debug|Any CPU
		{75B9C8D6-0995-4DD0-9FF3-3D1A5A9A8EF7}.Debug|iPhoneSimulator.ActiveCfg = Debug|Any CPU
		{75B9C8D6-0995-4DD0-9FF3-3D1A5A9A8EF7}.Debug|iPhoneSimulator.Build.0 = Debug|Any CPU
		{75B9C8D6-0995-4DD0-9FF3-3D1A5A9A8EF7}.Release|Any CPU.ActiveCfg = Release|Any CPU
		{75B9C8D6-0995-4DD0-9FF3-3D1A5A9A8EF7}.Release|Any CPU.Build.0 = Release|Any CPU
		{75B9C8D6-0995-4DD0-9FF3-3D1A5A9A8EF7}.Release|iPhone.ActiveCfg = Release|Any CPU
		{75B9C8D6-0995-4DD0-9FF3-3D1A5A9A8EF7}.Release|iPhone.Build.0 = Release|Any CPU
		{75B9C8D6-0995-4DD0-9FF3-3D1A5A9A8EF7}.Release|iPhoneSimulator.ActiveCfg = Release|Any CPU
		{75B9C8D6-0995-4DD0-9FF3-3D1A5A9A8EF7}.Release|iPhoneSimulator.Build.0 = Release|Any CPU
		{850F33D4-91FB-4FEB-B3A8-166A38D675BD}.Ad-Hoc|Any CPU.ActiveCfg = Ad-Hoc|iPhoneSimulator
		{850F33D4-91FB-4FEB-B3A8-166A38D675BD}.Ad-Hoc|iPhone.ActiveCfg = Ad-Hoc|iPhone
		{850F33D4-91FB-4FEB-B3A8-166A38D675BD}.Ad-Hoc|iPhone.Build.0 = Ad-Hoc|iPhone
		{850F33D4-91FB-4FEB-B3A8-166A38D675BD}.Ad-Hoc|iPhoneSimulator.ActiveCfg = Ad-Hoc|iPhoneSimulator
		{850F33D4-91FB-4FEB-B3A8-166A38D675BD}.Ad-Hoc|iPhoneSimulator.Build.0 = Ad-Hoc|iPhoneSimulator
		{850F33D4-91FB-4FEB-B3A8-166A38D675BD}.AppStore|Any CPU.ActiveCfg = AppStore|iPhoneSimulator
		{850F33D4-91FB-4FEB-B3A8-166A38D675BD}.AppStore|iPhone.ActiveCfg = AppStore|iPhone
		{850F33D4-91FB-4FEB-B3A8-166A38D675BD}.AppStore|iPhone.Build.0 = AppStore|iPhone
		{850F33D4-91FB-4FEB-B3A8-166A38D675BD}.AppStore|iPhoneSimulator.ActiveCfg = AppStore|iPhoneSimulator
		{850F33D4-91FB-4FEB-B3A8-166A38D675BD}.AppStore|iPhoneSimulator.Build.0 = AppStore|iPhoneSimulator
		{850F33D4-91FB-4FEB-B3A8-166A38D675BD}.Debug|Any CPU.ActiveCfg = Debug|iPhoneSimulator
		{850F33D4-91FB-4FEB-B3A8-166A38D675BD}.Debug|iPhone.ActiveCfg = Debug|iPhone
		{850F33D4-91FB-4FEB-B3A8-166A38D675BD}.Debug|iPhone.Build.0 = Debug|iPhone
		{850F33D4-91FB-4FEB-B3A8-166A38D675BD}.Debug|iPhoneSimulator.ActiveCfg = Debug|iPhoneSimulator
		{850F33D4-91FB-4FEB-B3A8-166A38D675BD}.Debug|iPhoneSimulator.Build.0 = Debug|iPhoneSimulator
		{850F33D4-91FB-4FEB-B3A8-166A38D675BD}.Release|Any CPU.ActiveCfg = Release|iPhoneSimulator
		{850F33D4-91FB-4FEB-B3A8-166A38D675BD}.Release|iPhone.ActiveCfg = Release|iPhone
		{850F33D4-91FB-4FEB-B3A8-166A38D675BD}.Release|iPhone.Build.0 = Release|iPhone
		{850F33D4-91FB-4FEB-B3A8-166A38D675BD}.Release|iPhoneSimulator.ActiveCfg = Release|iPhoneSimulator
		{850F33D4-91FB-4FEB-B3A8-166A38D675BD}.Release|iPhoneSimulator.Build.0 = Release|iPhoneSimulator
	EndGlobalSection
	GlobalSection(SolutionProperties) = preSolution
		HideSolutionNode = FALSE
	EndGlobalSection
	GlobalSection(ExtensibilityGlobals) = postSolution
		SolutionGuid = {A81850B3-35C9-40C5-93A7-F18A62AA8B45}
	EndGlobalSection
EndGlobal
